
Microsoft Visual Studio Solution File, Format Version 12.00
# Visual Studio Version 16
VisualStudioVersion = 16.0.30503.244
MinimumVisualStudioVersion = 10.0.40219.1
Project("{8BC9CEB8-8B4A-11D0-8D11-00A0C91BC942}") = "spe_test", "spe_test.vcxproj", "{88C54FD5-D26C-3007-98C6-65C5A389CB34}"
EndProject
Global
	GlobalSection(SolutionConfigurationPlatforms) = preSolution
		Debug|x64 = Debug|x64
		MinSizeRel|x64 = MinSizeRel|x64
		Release|x64 = Release|x64
		RelWithDebInfo|x64 = RelWithDebInfo|x64
	EndGlobalSection
	GlobalSection(ProjectConfigurationPlatforms) = postSolution
		{88C54FD5-D26C-3007-98C6-65C5A389CB34}.Debug|x64.ActiveCfg = Debug|x64
		{88C54FD5-D26C-3007-98C6-65C5A389CB34}.Debug|x64.Build.0 = Debug|x64
		{88C54FD5-D26C-3007-98C6-65C5A389CB34}.MinSizeRel|x64.ActiveCfg = MinSizeRel|x64
		{88C54FD5-D26C-3007-98C6-65C5A389CB34}.MinSizeRel|x64.Build.0 = MinSizeRel|x64
		{88C54FD5-D26C-3007-98C6-65C5A389CB34}.Release|x64.ActiveCfg = Release|x64
		{88C54FD5-D26C-3007-98C6-65C5A389CB34}.Release|x64.Build.0 = Release|x64
		{88C54FD5-D26C-3007-98C6-65C5A389CB34}.RelWithDebInfo|x64.ActiveCfg = RelWithDebInfo|x64
		{88C54FD5-D26C-3007-98C6-65C5A389CB34}.RelWithDebInfo|x64.Build.0 = RelWithDebInfo|x64
	EndGlobalSection
	GlobalSection(SolutionProperties) = preSolution
		HideSolutionNode = FALSE
	EndGlobalSection
	GlobalSection(ExtensibilityGlobals) = postSolution
		SolutionGuid = {2141767C-3401-32A1-8CA5-46D89CEB81BA}
	EndGlobalSection
EndGlobal
